Microsoft Visual Studio Solution File, Format Version 12.00
# Visual Studio Version 17
VisualStudioVersion = 17.5.2.0
MinimumVisualStudioVersion = 10.0.40219.1
Project("{2150E333-8FDC-42A3-9474-1A3956D46DE8}") = "Lektion 9", "Lektion 9", "{B14514BD-8EAB-C4FE-B8B3-9DC6700E67B8}"
EndProject
Project("{FAE04EC0-301F-11D3-BF4B-00C04F79EFBC}") = "class", "Lektion 9\class\class.csproj", "{BCD31CEA-6FE1-1345-9C8B-A0F0B1FEEA9D}"
EndProject
Global
	GlobalSection(SolutionConfigurationPlatforms) = preSolution
		Debug|Any CPU = Debug|Any CPU
		Release|Any CPU = Release|Any CPU
	EndGlobalSection
	GlobalSection(ProjectConfigurationPlatforms) = postSolution
		{BCD31CEA-6FE1-1345-9C8B-A0F0B1FEEA9D}.Debug|Any CPU.ActiveCfg = Debug|Any CPU
		{BCD31CEA-6FE1-1345-9C8B-A0F0B1FEEA9D}.Debug|Any CPU.Build.0 = Debug|Any CPU
		{BCD31CEA-6FE1-1345-9C8B-A0F0B1FEEA9D}.Release|Any CPU.ActiveCfg = Release|Any CPU
		{BCD31CEA-6FE1-1345-9C8B-A0F0B1FEEA9D}.Release|Any CPU.Build.0 = Release|Any CPU
	EndGlobalSection
	GlobalSection(SolutionProperties) = preSolution
		HideSolutionNode = FALSE
	EndGlobalSection
	GlobalSection(NestedProjects) = preSolution
		{BCD31CEA-6FE1-1345-9C8B-A0F0B1FEEA9D} = {B14514BD-8EAB-C4FE-B8B3-9DC6700E67B8}
	EndGlobalSection
	GlobalSection(ExtensibilityGlobals) = postSolution
		SolutionGuid = {BF14F988-0573-4C91-ADC7-E214D9E31D80}
	EndGlobalSection
EndGlobal
